{
  "requires": true,
  "lockfileVersion": 1,
  "dependencies": {
    "jquery": {
      "version": "3.3.1",
      "resolved": "https://registry.npmjs.org/jquery/-/jquery-3.3.1.tgz",
      "integrity": "sha512-Ubldcmxp5np52/ENotGxlLe6aGMvmF4R8S6tZjsP6Knsaxd/xp3Zrh50cG93lR6nPXyUFwzN3ZSOQI0wRJNdGg=="
    },
    "psgc2": {
      "version": "2018.3.31-v4",
      "resolved": "https://registry.npmjs.org/psgc2/-/psgc2-2018.3.31-v4.tgz",
      "integrity": "sha512-n+cVN3bSNXw8LXPpkJlQtrGpy1h2Ky3e7aCjrs1uKAIm6u2fmfV89bbIaA54wu8NyCucRVHperp7dFLV52o5Jw=="
    }
  }
}
